
Microsoft Visual Studio Solution File, Format Version 12.00
# Visual Studio 2013
VisualStudioVersion = 12.0.31101.0
MinimumVisualStudioVersion = 10.0.40219.1
Project("{2150E333-8FDC-42A3-9474-1A3956D46DE8}") = ".nuget", ".nuget", "{FFDF65CA-2333-4EB4-ADC4-FAA409A5F4DD}"
	ProjectSection(SolutionItems) = preProject
		.nuget\NuGet.Config = .nuget\NuGet.Config
		.nuget\NuGet.exe = .nuget\NuGet.exe
		.nuget\NuGet.targets = .nuget\NuGet.targets
	EndProjectSection
EndProject
Project("{FAE04EC0-301F-11D3-BF4B-00C04F79EFBC}") = "Corcav.Behaviors", "Corcav.Behaviors\Corcav.Behaviors.csproj", "{C10D28A1-FA73-4823-B829-C1353D213EFC}"
EndProject
Project("{FAE04EC0-301F-11D3-BF4B-00C04F79EFBC}") = "Corcav.Behaviors.Demo.Droid", "Corcav.Behaviors.Demo\Corcav.Behaviors.Demo.Droid\Corcav.Behaviors.Demo.Droid.csproj", "{54E2E828-7594-4154-BE10-63E6A7554B22}"
EndProject
Project("{FAE04EC0-301F-11D3-BF4B-00C04F79EFBC}") = "Corcav.Behaviors.Demo.iOS", "Corcav.Behaviors.Demo\Corcav.Behaviors.Demo.iOS\Corcav.Behaviors.Demo.iOS.csproj", "{4A360985-6AA4-4432-B4E2-B508B7335785}"
EndProject
Project("{FAE04EC0-301F-11D3-BF4B-00C04F79EFBC}") = "Corcav.Behaviors.Demo.WinPhone", "Corcav.Behaviors.Demo\Corcav.Behaviors.Demo.WinPhone\Corcav.Behaviors.Demo.WinPhone.csproj", "{3E888A38-85B1-4B5A-9658-4814E203D6C0}"
EndProject
Project("{FAE04EC0-301F-11D3-BF4B-00C04F79EFBC}") = "Corcav.Behaviors.Demo", "Corcav.Behaviors.Demo\Corcav.Behaviors.Demo\Corcav.Behaviors.Demo.csproj", "{24171022-192D-4B24-8922-ECCAC4A56D33}"
EndProject
Global
	GlobalSection(SolutionConfigurationPlatforms) = preSolution
		Ad-Hoc|Any CPU = Ad-Hoc|Any CPU
		Ad-Hoc|ARM = Ad-Hoc|ARM
		Ad-Hoc|iPhone = Ad-Hoc|iPhone
		Ad-Hoc|iPhoneSimulator = Ad-Hoc|iPhoneSimulator
		Ad-Hoc|Mixed Platforms = Ad-Hoc|Mixed Platforms
		Ad-Hoc|x86 = Ad-Hoc|x86
		AppStore|Any CPU = AppStore|Any CPU
		AppStore|ARM = AppStore|ARM
		AppStore|iPhone = AppStore|iPhone
		AppStore|iPhoneSimulator = AppStore|iPhoneSimulator
		AppStore|Mixed Platforms = AppStore|Mixed Platforms
		AppStore|x86 = AppStore|x86
		Debug|Any CPU = Debug|Any CPU
		Debug|ARM = Debug|ARM
		Debug|iPhone = Debug|iPhone
		Debug|iPhoneSimulator = Debug|iPhoneSimulator
		Debug|Mixed Platforms = Debug|Mixed Platforms
		Debug|x86 = Debug|x86
		Release|Any CPU = Release|Any CPU
		Release|ARM = Release|ARM
		Release|iPhone = Release|iPhone
		Release|iPhoneSimulator = Release|iPhoneSimulator
		Release|Mixed Platforms = Release|Mixed Platforms
		Release|x86 = Release|x86
	EndGlobalSection
	GlobalSection(ProjectConfigurationPlatforms) = postSolution
		{C10D28A1-FA73-4823-B829-C1353D213EFC}.Ad-Hoc|Any CPU.ActiveCfg = Release|Any CPU
		{C10D28A1-FA73-4823-B829-C1353D213EFC}.Ad-Hoc|Any CPU.Build.0 = Release|Any CPU
		{C10D28A1-FA73-4823-B829-C1353D213EFC}.Ad-Hoc|ARM.ActiveCfg = Release|Any CPU
		{C10D28A1-FA73-4823-B829-C1353D213EFC}.Ad-Hoc|iPhone.ActiveCfg = Release|Any CPU
		{C10D28A1-FA73-4823-B829-C1353D213EFC}.Ad-Hoc|iPhoneSimulator.ActiveCfg = Release|Any CPU
		{C10D28A1-FA73-4823-B829-C1353D213EFC}.Ad-Hoc|Mixed Platforms.ActiveCfg = Release|Any CPU
		{C10D28A1-FA73-4823-B829-C1353D213EFC}.Ad-Hoc|Mixed Platforms.Build.0 = Release|Any CPU
		{C10D28A1-FA73-4823-B829-C1353D213EFC}.Ad-Hoc|x86.ActiveCfg = Release|Any CPU
		{C10D28A1-FA73-4823-B829-C1353D213EFC}.AppStore|Any CPU.ActiveCfg = Release|Any CPU
		{C10D28A1-FA73-4823-B829-C1353D213EFC}.AppStore|Any CPU.Build.0 = Release|Any CPU
		{C10D28A1-FA73-4823-B829-C1353D213EFC}.AppStore|ARM.ActiveCfg = Release|Any CPU
		{C10D28A1-FA73-4823-B829-C1353D213EFC}.AppStore|iPhone.ActiveCfg = Release|Any CPU
		{C10D28A1-FA73-4823-B829-C1353D213EFC}.AppStore|iPhoneSimulator.ActiveCfg = Release|Any CPU
		{C10D28A1-FA73-4823-B829-C1353D213EFC}.AppStore|Mixed Platforms.ActiveCfg = Release|Any CPU
		{C10D28A1-FA73-4823-B829-C1353D213EFC}.AppStore|Mixed Platforms.Build.0 = Release|Any CPU
		{C10D28A1-FA73-4823-B829-C1353D213EFC}.AppStore|x86.ActiveCfg = Release|Any CPU
		{C10D28A1-FA73-4823-B829-C1353D213EFC}.Debug|Any CPU.ActiveCfg = Debug|Any CPU
		{C10D28A1-FA73-4823-B829-C1353D213EFC}.Debug|Any CPU.Build.0 = Debug|Any CPU
		{C10D28A1-FA73-4823-B829-C1353D213EFC}.Debug|ARM.ActiveCfg = Debug|Any CPU
		{C10D28A1-FA73-4823-B829-C1353D213EFC}.Debug|iPhone.ActiveCfg = Debug|Any CPU
		{C10D28A1-FA73-4823-B829-C1353D213EFC}.Debug|iPhoneSimulator.ActiveCfg = Debug|Any CPU
		{C10D28A1-FA73-4823-B829-C1353D213EFC}.Debug|iPhoneSimulator.Build.0 = Debug|Any CPU
		{C10D28A1-FA73-4823-B829-C1353D213EFC}.Debug|Mixed Platforms.ActiveCfg = Debug|Any CPU
		{C10D28A1-FA73-4823-B829-C1353D213EFC}.Debug|Mixed Platforms.Build.0 = Debug|Any CPU
		{C10D28A1-FA73-4823-B829-C1353D213EFC}.Debug|x86.ActiveCfg = Debug|Any CPU
		{C10D28A1-FA73-4823-B829-C1353D213EFC}.Release|Any CPU.ActiveCfg = Release|Any CPU
		{C10D28A1-FA73-4823-B829-C1353D213EFC}.Release|Any CPU.Build.0 = Release|Any CPU
		{C10D28A1-FA73-4823-B829-C1353D213EFC}.Release|ARM.ActiveCfg = Release|Any CPU
		{C10D28A1-FA73-4823-B829-C1353D213EFC}.Release|iPhone.ActiveCfg = Release|Any CPU
		{C10D28A1-FA73-4823-B829-C1353D213EFC}.Release|iPhoneSimulator.ActiveCfg = Release|Any CPU
		{C10D28A1-FA73-4823-B829-C1353D213EFC}.Release|iPhoneSimulator.Build.0 = Release|Any CPU
		{C10D28A1-FA73-4823-B829-C1353D213EFC}.Release|Mixed Platforms.ActiveCfg = Release|Any CPU
		{C10D28A1-FA73-4823-B829-C1353D213EFC}.Release|Mixed Platforms.Build.0 = Release|Any CPU
		{C10D28A1-FA73-4823-B829-C1353D213EFC}.Release|x86.ActiveCfg = Release|Any CPU
		{54E2E828-7594-4154-BE10-63E6A7554B22}.Ad-Hoc|Any CPU.ActiveCfg = Release|Any CPU
		{54E2E828-7594-4154-BE10-63E6A7554B22}.Ad-Hoc|Any CPU.Build.0 = Release|Any CPU
		{54E2E828-7594-4154-BE10-63E6A7554B22}.Ad-Hoc|Any CPU.Deploy.0 = Release|Any CPU
		{54E2E828-7594-4154-BE10-63E6A7554B22}.Ad-Hoc|ARM.ActiveCfg = Release|Any CPU
		{54E2E828-7594-4154-BE10-63E6A7554B22}.Ad-Hoc|iPhone.ActiveCfg = Release|Any CPU
		{54E2E828-7594-4154-BE10-63E6A7554B22}.Ad-Hoc|iPhoneSimulator.ActiveCfg = Release|Any CPU
		{54E2E828-7594-4154-BE10-63E6A7554B22}.Ad-Hoc|Mixed Platforms.ActiveCfg = Release|Any CPU
		{54E2E828-7594-4154-BE10-63E6A7554B22}.Ad-Hoc|Mixed Platforms.Build.0 = Release|Any CPU
		{54E2E828-7594-4154-BE10-63E6A7554B22}.Ad-Hoc|Mixed Platforms.Deploy.0 = Release|Any CPU
		{54E2E828-7594-4154-BE10-63E6A7554B22}.Ad-Hoc|x86.ActiveCfg = Release|Any CPU
		{54E2E828-7594-4154-BE10-63E6A7554B22}.AppStore|Any CPU.ActiveCfg = Release|Any CPU
		{54E2E828-7594-4154-BE10-63E6A7554B22}.AppStore|Any CPU.Build.0 = Release|Any CPU
		{54E2E828-7594-4154-BE10-63E6A7554B22}.AppStore|Any CPU.Deploy.0 = Release|Any CPU
		{54E2E828-7594-4154-BE10-63E6A7554B22}.AppStore|ARM.ActiveCfg = Release|Any CPU
		{54E2E828-7594-4154-BE10-63E6A7554B22}.AppStore|iPhone.ActiveCfg = Release|Any CPU
		{54E2E828-7594-4154-BE10-63E6A7554B22}.AppStore|iPhoneSimulator.ActiveCfg = Release|Any CPU
		{54E2E828-7594-4154-BE10-63E6A7554B22}.AppStore|Mixed Platforms.ActiveCfg = Release|Any CPU
		{54E2E828-7594-4154-BE10-63E6A7554B22}.AppStore|Mixed Platforms.Build.0 = Release|Any CPU
		{54E2E828-7594-4154-BE10-63E6A7554B22}.AppStore|Mixed Platforms.Deploy.0 = Release|Any CPU
		{54E2E828-7594-4154-BE10-63E6A7554B22}.AppStore|x86.ActiveCfg = Release|Any CPU
		{54E2E828-7594-4154-BE10-63E6A7554B22}.Debug|Any CPU.ActiveCfg = Debug|Any CPU
		{54E2E828-7594-4154-BE10-63E6A7554B22}.Debug|Any CPU.Build.0 = Debug|Any CPU
		{54E2E828-7594-4154-BE10-63E6A7554B22}.Debug|Any CPU.Deploy.0 = Debug|Any CPU
		{54E2E828-7594-4154-BE10-63E6A7554B22}.Debug|ARM.ActiveCfg = Debug|Any CPU
		{54E2E828-7594-4154-BE10-63E6A7554B22}.Debug|iPhone.ActiveCfg = Debug|Any CPU
		{54E2E828-7594-4154-BE10-63E6A7554B22}.Debug|iPhoneSimulator.ActiveCfg = Debug|Any CPU
		{54E2E828-7594-4154-BE10-63E6A7554B22}.Debug|iPhoneSimulator.Build.0 = Debug|Any CPU
		{54E2E828-7594-4154-BE10-63E6A7554B22}.Debug|Mixed Platforms.ActiveCfg = Debug|Any CPU
		{54E2E828-7594-4154-BE10-63E6A7554B22}.Debug|Mixed Platforms.Build.0 = Debug|Any CPU
		{54E2E828-7594-4154-BE10-63E6A7554B22}.Debug|Mixed Platforms.Deploy.0 = Debug|Any CPU
		{54E2E828-7594-4154-BE10-63E6A7554B22}.Debug|x86.ActiveCfg = Debug|Any CPU
		{54E2E828-7594-4154-BE10-63E6A7554B22}.Release|Any CPU.ActiveCfg = Release|Any CPU
		{54E2E828-7594-4154-BE10-63E6A7554B22}.Release|Any CPU.Build.0 = Release|Any CPU
		{54E2E828-7594-4154-BE10-63E6A7554B22}.Release|Any CPU.Deploy.0 = Release|Any CPU
		{54E2E828-7594-4154-BE10-63E6A7554B22}.Release|ARM.ActiveCfg = Release|Any CPU
		{54E2E828-7594-4154-BE10-63E6A7554B22}.Release|iPhone.ActiveCfg = Release|Any CPU
		{54E2E828-7594-4154-BE10-63E6A7554B22}.Release|iPhoneSimulator.ActiveCfg = Release|Any CPU
		{54E2E828-7594-4154-BE10-63E6A7554B22}.Release|iPhoneSimulator.Build.0 = Release|Any CPU
		{54E2E828-7594-4154-BE10-63E6A7554B22}.Release|Mixed Platforms.ActiveCfg = Release|Any CPU
		{54E2E828-7594-4154-BE10-63E6A7554B22}.Release|Mixed Platforms.Build.0 = Release|Any CPU
		{54E2E828-7594-4154-BE10-63E6A7554B22}.Release|Mixed Platforms.Deploy.0 = Release|Any CPU
		{54E2E828-7594-4154-BE10-63E6A7554B22}.Release|x86.ActiveCfg = Release|Any CPU
		{4A360985-6AA4-4432-B4E2-B508B7335785}.Ad-Hoc|Any CPU.ActiveCfg = Ad-Hoc|iPhone
		{4A360985-6AA4-4432-B4E2-B508B7335785}.Ad-Hoc|ARM.ActiveCfg = Ad-Hoc|iPhone
		{4A360985-6AA4-4432-B4E2-B508B7335785}.Ad-Hoc|iPhone.ActiveCfg = Ad-Hoc|iPhone
		{4A360985-6AA4-4432-B4E2-B508B7335785}.Ad-Hoc|iPhone.Build.0 = Ad-Hoc|iPhone
		{4A360985-6AA4-4432-B4E2-B508B7335785}.Ad-Hoc|iPhoneSimulator.ActiveCfg = Ad-Hoc|iPhoneSimulator
		{4A360985-6AA4-4432-B4E2-B508B7335785}.Ad-Hoc|iPhoneSimulator.Build.0 = Ad-Hoc|iPhoneSimulator
		{4A360985-6AA4-4432-B4E2-B508B7335785}.Ad-Hoc|Mixed Platforms.ActiveCfg = Ad-Hoc|iPhone
		{4A360985-6AA4-4432-B4E2-B508B7335785}.Ad-Hoc|Mixed Platforms.Build.0 = Ad-Hoc|iPhone
		{4A360985-6AA4-4432-B4E2-B508B7335785}.Ad-Hoc|x86.ActiveCfg = Ad-Hoc|iPhone
		{4A360985-6AA4-4432-B4E2-B508B7335785}.AppStore|Any CPU.ActiveCfg = AppStore|iPhone
		{4A360985-6AA4-4432-B4E2-B508B7335785}.AppStore|ARM.ActiveCfg = AppStore|iPhone
		{4A360985-6AA4-4432-B4E2-B508B7335785}.AppStore|iPhone.ActiveCfg = AppStore|iPhone
		{4A360985-6AA4-4432-B4E2-B508B7335785}.AppStore|iPhone.Build.0 = AppStore|iPhone
		{4A360985-6AA4-4432-B4E2-B508B7335785}.AppStore|iPhoneSimulator.ActiveCfg = AppStore|iPhoneSimulator
		{4A360985-6AA4-4432-B4E2-B508B7335785}.AppStore|iPhoneSimulator.Build.0 = AppStore|iPhoneSimulator
		{4A360985-6AA4-4432-B4E2-B508B7335785}.AppStore|Mixed Platforms.ActiveCfg = AppStore|iPhone
		{4A360985-6AA4-4432-B4E2-B508B7335785}.AppStore|Mixed Platforms.Build.0 = AppStore|iPhone
		{4A360985-6AA4-4432-B4E2-B508B7335785}.AppStore|x86.ActiveCfg = AppStore|iPhone
		{4A360985-6AA4-4432-B4E2-B508B7335785}.Debug|Any CPU.ActiveCfg = Debug|iPhone
		{4A360985-6AA4-4432-B4E2-B508B7335785}.Debug|ARM.ActiveCfg = Debug|iPhone
		{4A360985-6AA4-4432-B4E2-B508B7335785}.Debug|iPhone.ActiveCfg = Debug|iPhone
		{4A360985-6AA4-4432-B4E2-B508B7335785}.Debug|iPhone.Build.0 = Debug|iPhone
		{4A360985-6AA4-4432-B4E2-B508B7335785}.Debug|iPhoneSimulator.ActiveCfg = Debug|iPhoneSimulator
		{4A360985-6AA4-4432-B4E2-B508B7335785}.Debug|iPhoneSimulator.Build.0 = Debug|iPhoneSimulator
		{4A360985-6AA4-4432-B4E2-B508B7335785}.Debug|Mixed Platforms.ActiveCfg = Debug|iPhone
		{4A360985-6AA4-4432-B4E2-B508B7335785}.Debug|Mixed Platforms.Build.0 = Debug|iPhone
		{4A360985-6AA4-4432-B4E2-B508B7335785}.Debug|x86.ActiveCfg = Debug|iPhone
		{4A360985-6AA4-4432-B4E2-B508B7335785}.Release|Any CPU.ActiveCfg = Release|iPhone
		{4A360985-6AA4-4432-B4E2-B508B7335785}.Release|ARM.ActiveCfg = Release|iPhone
		{4A360985-6AA4-4432-B4E2-B508B7335785}.Release|iPhone.ActiveCfg = Release|iPhone
		{4A360985-6AA4-4432-B4E2-B508B7335785}.Release|iPhone.Build.0 = Release|iPhone
		{4A360985-6AA4-4432-B4E2-B508B7335785}.Release|iPhoneSimulator.ActiveCfg = Release|iPhoneSimulator
		{4A360985-6AA4-4432-B4E2-B508B7335785}.Release|iPhoneSimulator.Build.0 = Release|iPhoneSimulator
		{4A360985-6AA4-4432-B4E2-B508B7335785}.Release|Mixed Platforms.ActiveCfg = Release|iPhone
		{4A360985-6AA4-4432-B4E2-B508B7335785}.Release|Mixed Platforms.Build.0 = Release|iPhone
		{4A360985-6AA4-4432-B4E2-B508B7335785}.Release|x86.ActiveCfg = Release|iPhone
		{3E888A38-85B1-4B5A-9658-4814E203D6C0}.Ad-Hoc|Any CPU.ActiveCfg = Release|Any CPU
		{3E888A38-85B1-4B5A-9658-4814E203D6C0}.Ad-Hoc|Any CPU.Build.0 = Release|Any CPU
		{3E888A38-85B1-4B5A-9658-4814E203D6C0}.Ad-Hoc|Any CPU.Deploy.0 = Release|Any CPU
		{3E888A38-85B1-4B5A-9658-4814E203D6C0}.Ad-Hoc|ARM.ActiveCfg = Release|ARM
		{3E888A38-85B1-4B5A-9658-4814E203D6C0}.Ad-Hoc|ARM.Build.0 = Release|ARM
		{3E888A38-85B1-4B5A-9658-4814E203D6C0}.Ad-Hoc|ARM.Deploy.0 = Release|ARM
		{3E888A38-85B1-4B5A-9658-4814E203D6C0}.Ad-Hoc|iPhone.ActiveCfg = Release|Any CPU
		{3E888A38-85B1-4B5A-9658-4814E203D6C0}.Ad-Hoc|iPhoneSimulator.ActiveCfg = Release|Any CPU
		{3E888A38-85B1-4B5A-9658-4814E203D6C0}.Ad-Hoc|Mixed Platforms.ActiveCfg = Release|x86
		{3E888A38-85B1-4B5A-9658-4814E203D6C0}.Ad-Hoc|Mixed Platforms.Build.0 = Release|x86
		{3E888A38-85B1-4B5A-9658-4814E203D6C0}.Ad-Hoc|Mixed Platforms.Deploy.0 = Release|x86
		{3E888A38-85B1-4B5A-9658-4814E203D6C0}.Ad-Hoc|x86.ActiveCfg = Release|x86
		{3E888A38-85B1-4B5A-9658-4814E203D6C0}.Ad-Hoc|x86.Build.0 = Release|x86
		{3E888A38-85B1-4B5A-9658-4814E203D6C0}.Ad-Hoc|x86.Deploy.0 = Release|x86
		{3E888A38-85B1-4B5A-9658-4814E203D6C0}.AppStore|Any CPU.ActiveCfg = Release|Any CPU
		{3E888A38-85B1-4B5A-9658-4814E203D6C0}.AppStore|Any CPU.Build.0 = Release|Any CPU
		{3E888A38-85B1-4B5A-9658-4814E203D6C0}.AppStore|Any CPU.Deploy.0 = Release|Any CPU
		{3E888A38-85B1-4B5A-9658-4814E203D6C0}.AppStore|ARM.ActiveCfg = Release|ARM
		{3E888A38-85B1-4B5A-9658-4814E203D6C0}.AppStore|ARM.Build.0 = Release|ARM
		{3E888A38-85B1-4B5A-9658-4814E203D6C0}.AppStore|ARM.Deploy.0 = Release|ARM
		{3E888A38-85B1-4B5A-9658-4814E203D6C0}.AppStore|iPhone.ActiveCfg = Release|Any CPU
		{3E888A38-85B1-4B5A-9658-4814E203D6C0}.AppStore|iPhoneSimulator.ActiveCfg = Release|Any CPU
		{3E888A38-85B1-4B5A-9658-4814E203D6C0}.AppStore|Mixed Platforms.ActiveCfg = Release|x86
		{3E888A38-85B1-4B5A-9658-4814E203D6C0}.AppStore|Mixed Platforms.Build.0 = Release|x86
		{3E888A38-85B1-4B5A-9658-4814E203D6C0}.AppStore|Mixed Platforms.Deploy.0 = Release|x86
		{3E888A38-85B1-4B5A-9658-4814E203D6C0}.AppStore|x86.ActiveCfg = Release|x86
		{3E888A38-85B1-4B5A-9658-4814E203D6C0}.AppStore|x86.Build.0 = Release|x86
		{3E888A38-85B1-4B5A-9658-4814E203D6C0}.AppStore|x86.Deploy.0 = Release|x86
		{3E888A38-85B1-4B5A-9658-4814E203D6C0}.Debug|Any CPU.ActiveCfg = Debug|Any CPU
		{3E888A38-85B1-4B5A-9658-4814E203D6C0}.Debug|Any CPU.Build.0 = Debug|Any CPU
		{3E888A38-85B1-4B5A-9658-4814E203D6C0}.Debug|Any CPU.Deploy.0 = Debug|Any CPU
		{3E888A38-85B1-4B5A-9658-4814E203D6C0}.Debug|ARM.ActiveCfg = Debug|ARM
		{3E888A38-85B1-4B5A-9658-4814E203D6C0}.Debug|ARM.Build.0 = Debug|ARM
		{3E888A38-85B1-4B5A-9658-4814E203D6C0}.Debug|ARM.Deploy.0 = Debug|ARM
		{3E888A38-85B1-4B5A-9658-4814E203D6C0}.Debug|iPhone.ActiveCfg = Debug|Any CPU
		{3E888A38-85B1-4B5A-9658-4814E203D6C0}.Debug|iPhoneSimulator.ActiveCfg = Debug|Any CPU
		{3E888A38-85B1-4B5A-9658-4814E203D6C0}.Debug|iPhoneSimulator.Build.0 = Debug|Any CPU
		{3E888A38-85B1-4B5A-9658-4814E203D6C0}.Debug|Mixed Platforms.ActiveCfg = Debug|x86
		{3E888A38-85B1-4B5A-9658-4814E203D6C0}.Debug|Mixed Platforms.Build.0 = Debug|x86
		{3E888A38-85B1-4B5A-9658-4814E203D6C0}.Debug|Mixed Platforms.Deploy.0 = Debug|x86
		{3E888A38-85B1-4B5A-9658-4814E203D6C0}.Debug|x86.ActiveCfg = Debug|x86
		{3E888A38-85B1-4B5A-9658-4814E203D6C0}.Debug|x86.Build.0 = Debug|x86
		{3E888A38-85B1-4B5A-9658-4814E203D6C0}.Debug|x86.Deploy.0 = Debug|x86
		{3E888A38-85B1-4B5A-9658-4814E203D6C0}.Release|Any CPU.ActiveCfg = Release|Any CPU
		{3E888A38-85B1-4B5A-9658-4814E203D6C0}.Release|Any CPU.Build.0 = Release|Any CPU
		{3E888A38-85B1-4B5A-9658-4814E203D6C0}.Release|Any CPU.Deploy.0 = Release|Any CPU
		{3E888A38-85B1-4B5A-9658-4814E203D6C0}.Release|ARM.ActiveCfg = Release|ARM
		{3E888A38-85B1-4B5A-9658-4814E203D6C0}.Release|ARM.Build.0 = Release|ARM
		{3E888A38-85B1-4B5A-9658-4814E203D6C0}.Release|ARM.Deploy.0 = Release|ARM
		{3E888A38-85B1-4B5A-9658-4814E203D6C0}.Release|iPhone.ActiveCfg = Release|Any CPU
		{3E888A38-85B1-4B5A-9658-4814E203D6C0}.Release|iPhoneSimulator.ActiveCfg = Release|Any CPU
		{3E888A38-85B1-4B5A-9658-4814E203D6C0}.Release|iPhoneSimulator.Build.0 = Release|Any CPU
		{3E888A38-85B1-4B5A-9658-4814E203D6C0}.Release|Mixed Platforms.ActiveCfg = Release|x86
		{3E888A38-85B1-4B5A-9658-4814E203D6C0}.Release|Mixed Platforms.Build.0 = Release|x86
		{3E888A38-85B1-4B5A-9658-4814E203D6C0}.Release|Mixed Platforms.Deploy.0 = Release|x86
		{3E888A38-85B1-4B5A-9658-4814E203D6C0}.Release|x86.ActiveCfg = Release|x86
		{3E888A38-85B1-4B5A-9658-4814E203D6C0}.Release|x86.Build.0 = Release|x86
		{3E888A38-85B1-4B5A-9658-4814E203D6C0}.Release|x86.Deploy.0 = Release|x86
		{24171022-192D-4B24-8922-ECCAC4A56D33}.Ad-Hoc|Any CPU.ActiveCfg = Release|Any CPU
		{24171022-192D-4B24-8922-ECCAC4A56D33}.Ad-Hoc|Any CPU.Build.0 = Release|Any CPU
		{24171022-192D-4B24-8922-ECCAC4A56D33}.Ad-Hoc|ARM.ActiveCfg = Release|Any CPU
		{24171022-192D-4B24-8922-ECCAC4A56D33}.Ad-Hoc|iPhone.ActiveCfg = Release|Any CPU
		{24171022-192D-4B24-8922-ECCAC4A56D33}.Ad-Hoc|iPhoneSimulator.ActiveCfg = Release|Any CPU
		{24171022-192D-4B24-8922-ECCAC4A56D33}.Ad-Hoc|Mixed Platforms.ActiveCfg = Release|Any CPU
		{24171022-192D-4B24-8922-ECCAC4A56D33}.Ad-Hoc|Mixed Platforms.Build.0 = Release|Any CPU
		{24171022-192D-4B24-8922-ECCAC4A56D33}.Ad-Hoc|x86.ActiveCfg = Release|Any CPU
		{24171022-192D-4B24-8922-ECCAC4A56D33}.AppStore|Any CPU.ActiveCfg = Release|Any CPU
		{24171022-192D-4B24-8922-ECCAC4A56D33}.AppStore|Any CPU.Build.0 = Release|Any CPU
		{24171022-192D-4B24-8922-ECCAC4A56D33}.AppStore|ARM.ActiveCfg = Release|Any CPU
		{24171022-192D-4B24-8922-ECCAC4A56D33}.AppStore|iPhone.ActiveCfg = Release|Any CPU
		{24171022-192D-4B24-8922-ECCAC4A56D33}.AppStore|iPhoneSimulator.ActiveCfg = Release|Any CPU
		{24171022-192D-4B24-8922-ECCAC4A56D33}.AppStore|Mixed Platforms.ActiveCfg = Release|Any CPU
		{24171022-192D-4B24-8922-ECCAC4A56D33}.AppStore|Mixed Platforms.Build.0 = Release|Any CPU
		{24171022-192D-4B24-8922-ECCAC4A56D33}.AppStore|x86.ActiveCfg = Release|Any CPU
		{24171022-192D-4B24-8922-ECCAC4A56D33}.Debug|Any CPU.ActiveCfg = Debug|Any CPU
		{24171022-192D-4B24-8922-ECCAC4A56D33}.Debug|Any CPU.Build.0 = Debug|Any CPU
		{24171022-192D-4B24-8922-ECCAC4A56D33}.Debug|ARM.ActiveCfg = Debug|Any CPU
		{24171022-192D-4B24-8922-ECCAC4A56D33}.Debug|iPhone.ActiveCfg = Debug|Any CPU
		{24171022-192D-4B24-8922-ECCAC4A56D33}.Debug|iPhoneSimulator.ActiveCfg = Debug|Any CPU
		{24171022-192D-4B24-8922-ECCAC4A56D33}.Debug|iPhoneSimulator.Build.0 = Debug|Any CPU
		{24171022-192D-4B24-8922-ECCAC4A56D33}.Debug|Mixed Platforms.ActiveCfg = Debug|Any CPU
		{24171022-192D-4B24-8922-ECCAC4A56D33}.Debug|Mixed Platforms.Build.0 = Debug|Any CPU
		{24171022-192D-4B24-8922-ECCAC4A56D33}.Debug|x86.ActiveCfg = Debug|Any CPU
		{24171022-192D-4B24-8922-ECCAC4A56D33}.Release|Any CPU.ActiveCfg = Release|Any CPU
		{24171022-192D-4B24-8922-ECCAC4A56D33}.Release|Any CPU.Build.0 = Release|Any CPU
		{24171022-192D-4B24-8922-ECCAC4A56D33}.Release|ARM.ActiveCfg = Release|Any CPU
		{24171022-192D-4B24-8922-ECCAC4A56D33}.Release|iPhone.ActiveCfg = Release|Any CPU
		{24171022-192D-4B24-8922-ECCAC4A56D33}.Release|iPhoneSimulator.ActiveCfg = Release|Any CPU
		{24171022-192D-4B24-8922-ECCAC4A56D33}.Release|iPhoneSimulator.Build.0 = Release|Any CPU
		{24171022-192D-4B24-8922-ECCAC4A56D33}.Release|Mixed Platforms.ActiveCfg = Release|Any CPU
		{24171022-192D-4B24-8922-ECCAC4A56D33}.Release|Mixed Platforms.Build.0 = Release|Any CPU
		{24171022-192D-4B24-8922-ECCAC4A56D33}.Release|x86.ActiveCfg = Release|Any CPU
	EndGlobalSection
	GlobalSection(SolutionProperties) = preSolution
		HideSolutionNode = FALSE
	EndGlobalSection
EndGlobal
